
Microsoft Visual Studio Solution File, Format Version 12.00
# Visual Studio Version 17
VisualStudioVersion = 17.4.33213.308
MinimumVisualStudioVersion = 10.0.40219.1
Project("{FAE04EC0-301F-11D3-BF4B-00C04F79EFBC}") = "PDF_PNG_Converter", "PDF_PNG_Converter\PDF_PNG_Converter.csproj", "{CC78DFC0-3E26-4BFE-843A-42C465D1FA1A}"
EndProject
Global
	GlobalSection(SolutionConfigurationPlatforms) = preSolution
		Debug|Any CPU = Debug|Any CPU
		Release|Any CPU = Release|Any CPU
	EndGlobalSection
	GlobalSection(ProjectConfigurationPlatforms) = postSolution
		{CC78DFC0-3E26-4BFE-843A-42C465D1FA1A}.Debug|Any CPU.ActiveCfg = Debug|Any CPU
		{CC78DFC0-3E26-4BFE-843A-42C465D1FA1A}.Debug|Any CPU.Build.0 = Debug|Any CPU
		{CC78DFC0-3E26-4BFE-843A-42C465D1FA1A}.Release|Any CPU.ActiveCfg = Release|Any CPU
		{CC78DFC0-3E26-4BFE-843A-42C465D1FA1A}.Release|Any CPU.Build.0 = Release|Any CPU
	EndGlobalSection
	GlobalSection(SolutionProperties) = preSolution
		HideSolutionNode = FALSE
	EndGlobalSection
	GlobalSection(ExtensibilityGlobals) = postSolution
		SolutionGuid = {8AFDF9B6-B10F-4880-9E94-748EED6EEFB2}
	EndGlobalSection
EndGlobal
